
Microsoft Visual Studio Solution File, Format Version 11.00
# Visual Studio 2010
Project("{8BC9CEB8-8B4A-11D0-8D11-00A0C91BC942}") = "gapputils", "gapputils\gapputils.vcxproj", "{42730DF7-A9EF-41DD-A213-B5D07049603E}"
EndProject
Project("{8BC9CEB8-8B4A-11D0-8D11-00A0C91BC942}") = "gapphost", "gapphost\gapphost.vcxproj", "{A07F921E-E098-4A95-BEF9-9CA1ED0F4725}"
	ProjectSection(ProjectDependencies) = postProject
		{A571956C-9097-4B72-B3CA-9627786AAECD} = {A571956C-9097-4B72-B3CA-9627786AAECD}
		{B47B19A5-8F5D-467D-B0D5-B5D7115D013C} = {B47B19A5-8F5D-467D-B0D5-B5D7115D013C}
	EndProjectSection
EndProject
Project("{8BC9CEB8-8B4A-11D0-8D11-00A0C91BC942}") = "capputils", "capputils\capputils.vcxproj", "{B47B19A5-8F5D-467D-B0D5-B5D7115D013C}"
	ProjectSection(ProjectDependencies) = postProject
		{A571956C-9097-4B72-B3CA-9627786AAECD} = {A571956C-9097-4B72-B3CA-9627786AAECD}
	EndProjectSection
EndProject
Project("{8BC9CEB8-8B4A-11D0-8D11-00A0C91BC942}") = "tinyxml", "tinyxml\tinyxml.vcxproj", "{A571956C-9097-4B72-B3CA-9627786AAECD}"
EndProject
Project("{8BC9CEB8-8B4A-11D0-8D11-00A0C91BC942}") = "gapputils.common", "gapputils.common\gapputils.common.vcxproj", "{5F6A1841-8F1D-4315-9912-F7C330124D10}"
	ProjectSection(ProjectDependencies) = postProject
		{A571956C-9097-4B72-B3CA-9627786AAECD} = {A571956C-9097-4B72-B3CA-9627786AAECD}
		{B47B19A5-8F5D-467D-B0D5-B5D7115D013C} = {B47B19A5-8F5D-467D-B0D5-B5D7115D013C}
		{42730DF7-A9EF-41DD-A213-B5D07049603E} = {42730DF7-A9EF-41DD-A213-B5D07049603E}
	EndProjectSection
EndProject
Project("{8BC9CEB8-8B4A-11D0-8D11-00A0C91BC942}") = "GaussianProcesses", "GaussianProcesses\GaussianProcesses.vcxproj", "{E20065C8-775F-4DE9-B25B-0297CB819956}"
	ProjectSection(ProjectDependencies) = postProject
		{A571956C-9097-4B72-B3CA-9627786AAECD} = {A571956C-9097-4B72-B3CA-9627786AAECD}
		{61F37E94-8AD3-49C9-84F3-E82ACF8DD211} = {61F37E94-8AD3-49C9-84F3-E82ACF8DD211}
		{B47B19A5-8F5D-467D-B0D5-B5D7115D013C} = {B47B19A5-8F5D-467D-B0D5-B5D7115D013C}
		{C4980EC6-AEED-4727-AC9D-00A8C57991EF} = {C4980EC6-AEED-4727-AC9D-00A8C57991EF}
		{42730DF7-A9EF-41DD-A213-B5D07049603E} = {42730DF7-A9EF-41DD-A213-B5D07049603E}
	EndProjectSection
EndProject
Project("{8BC9CEB8-8B4A-11D0-8D11-00A0C91BC942}") = "alglib", "alglib\alglib.vcxproj", "{C4980EC6-AEED-4727-AC9D-00A8C57991EF}"
EndProject
Project("{8BC9CEB8-8B4A-11D0-8D11-00A0C91BC942}") = "optlib", "optlib\optlib.vcxproj", "{61F37E94-8AD3-49C9-84F3-E82ACF8DD211}"
EndProject
Project("{8BC9CEB8-8B4A-11D0-8D11-00A0C91BC942}") = "gapputils.cv", "gapputils.cv\gapputils.cv.vcxproj", "{1E4BF69B-3A60-40B1-9E7A-1B31BC889710}"
	ProjectSection(ProjectDependencies) = postProject
		{A571956C-9097-4B72-B3CA-9627786AAECD} = {A571956C-9097-4B72-B3CA-9627786AAECD}
		{A57AB493-FF6A-4E7A-963A-963171AD7A1C} = {A57AB493-FF6A-4E7A-963A-963171AD7A1C}
		{B47B19A5-8F5D-467D-B0D5-B5D7115D013C} = {B47B19A5-8F5D-467D-B0D5-B5D7115D013C}
		{42730DF7-A9EF-41DD-A213-B5D07049603E} = {42730DF7-A9EF-41DD-A213-B5D07049603E}
	EndProjectSection
EndProject
Project("{8BC9CEB8-8B4A-11D0-8D11-00A0C91BC942}") = "culib", "culib\culib.vcxproj", "{A57AB493-FF6A-4E7A-963A-963171AD7A1C}"
EndProject
Project("{8BC9CEB8-8B4A-11D0-8D11-00A0C91BC942}") = "gapputils.cv.cuda", "gapputils.cv.cuda\gapputils.cv.cuda.vcxproj", "{DD1105E7-D90A-4799-8C65-6C4F65DFC8B9}"
EndProject
Global
	GlobalSection(SubversionScc) = preSolution
		Svn-Managed = True
		Manager = AnkhSVN - Subversion Support for Visual Studio
	EndGlobalSection
	GlobalSection(SolutionConfigurationPlatforms) = preSolution
		Debug|Win32 = Debug|Win32
		Debug|x64 = Debug|x64
		Release|Win32 = Release|Win32
		Release|x64 = Release|x64
	EndGlobalSection
	GlobalSection(ProjectConfigurationPlatforms) = postSolution
		{42730DF7-A9EF-41DD-A213-B5D07049603E}.Debug|Win32.ActiveCfg = Debug|Win32
		{42730DF7-A9EF-41DD-A213-B5D07049603E}.Debug|Win32.Build.0 = Debug|Win32
		{42730DF7-A9EF-41DD-A213-B5D07049603E}.Debug|x64.ActiveCfg = Debug|Win32
		{42730DF7-A9EF-41DD-A213-B5D07049603E}.Release|Win32.ActiveCfg = Release|Win32
		{42730DF7-A9EF-41DD-A213-B5D07049603E}.Release|Win32.Build.0 = Release|Win32
		{42730DF7-A9EF-41DD-A213-B5D07049603E}.Release|x64.ActiveCfg = Release|Win32
		{A07F921E-E098-4A95-BEF9-9CA1ED0F4725}.Debug|Win32.ActiveCfg = Debug|Win32
		{A07F921E-E098-4A95-BEF9-9CA1ED0F4725}.Debug|Win32.Build.0 = Debug|Win32
		{A07F921E-E098-4A95-BEF9-9CA1ED0F4725}.Debug|x64.ActiveCfg = Debug|Win32
		{A07F921E-E098-4A95-BEF9-9CA1ED0F4725}.Release|Win32.ActiveCfg = Release|Win32
		{A07F921E-E098-4A95-BEF9-9CA1ED0F4725}.Release|Win32.Build.0 = Release|Win32
		{A07F921E-E098-4A95-BEF9-9CA1ED0F4725}.Release|x64.ActiveCfg = Release|Win32
		{B47B19A5-8F5D-467D-B0D5-B5D7115D013C}.Debug|Win32.ActiveCfg = Debug|Win32
		{B47B19A5-8F5D-467D-B0D5-B5D7115D013C}.Debug|Win32.Build.0 = Debug|Win32
		{B47B19A5-8F5D-467D-B0D5-B5D7115D013C}.Debug|x64.ActiveCfg = Debug|Win32
		{B47B19A5-8F5D-467D-B0D5-B5D7115D013C}.Release|Win32.ActiveCfg = Release|Win32
		{B47B19A5-8F5D-467D-B0D5-B5D7115D013C}.Release|Win32.Build.0 = Release|Win32
		{B47B19A5-8F5D-467D-B0D5-B5D7115D013C}.Release|x64.ActiveCfg = Release|Win32
		{A571956C-9097-4B72-B3CA-9627786AAECD}.Debug|Win32.ActiveCfg = Debug|Win32
		{A571956C-9097-4B72-B3CA-9627786AAECD}.Debug|Win32.Build.0 = Debug|Win32
		{A571956C-9097-4B72-B3CA-9627786AAECD}.Debug|x64.ActiveCfg = Debug|x64
		{A571956C-9097-4B72-B3CA-9627786AAECD}.Debug|x64.Build.0 = Debug|x64
		{A571956C-9097-4B72-B3CA-9627786AAECD}.Release|Win32.ActiveCfg = Release|Win32
		{A571956C-9097-4B72-B3CA-9627786AAECD}.Release|Win32.Build.0 = Release|Win32
		{A571956C-9097-4B72-B3CA-9627786AAECD}.Release|x64.ActiveCfg = Release|x64
		{A571956C-9097-4B72-B3CA-9627786AAECD}.Release|x64.Build.0 = Release|x64
		{5F6A1841-8F1D-4315-9912-F7C330124D10}.Debug|Win32.ActiveCfg = Debug|Win32
		{5F6A1841-8F1D-4315-9912-F7C330124D10}.Debug|Win32.Build.0 = Debug|Win32
		{5F6A1841-8F1D-4315-9912-F7C330124D10}.Debug|x64.ActiveCfg = Debug|Win32
		{5F6A1841-8F1D-4315-9912-F7C330124D10}.Release|Win32.ActiveCfg = Release|Win32
		{5F6A1841-8F1D-4315-9912-F7C330124D10}.Release|Win32.Build.0 = Release|Win32
		{5F6A1841-8F1D-4315-9912-F7C330124D10}.Release|x64.ActiveCfg = Release|Win32
		{E20065C8-775F-4DE9-B25B-0297CB819956}.Debug|Win32.ActiveCfg = Debug|Win32
		{E20065C8-775F-4DE9-B25B-0297CB819956}.Debug|Win32.Build.0 = Debug|Win32
		{E20065C8-775F-4DE9-B25B-0297CB819956}.Debug|x64.ActiveCfg = Debug|Win32
		{E20065C8-775F-4DE9-B25B-0297CB819956}.Release|Win32.ActiveCfg = Release|Win32
		{E20065C8-775F-4DE9-B25B-0297CB819956}.Release|Win32.Build.0 = Release|Win32
		{E20065C8-775F-4DE9-B25B-0297CB819956}.Release|x64.ActiveCfg = Release|Win32
		{C4980EC6-AEED-4727-AC9D-00A8C57991EF}.Debug|Win32.ActiveCfg = Debug|Win32
		{C4980EC6-AEED-4727-AC9D-00A8C57991EF}.Debug|Win32.Build.0 = Debug|Win32
		{C4980EC6-AEED-4727-AC9D-00A8C57991EF}.Debug|x64.ActiveCfg = Debug|x64
		{C4980EC6-AEED-4727-AC9D-00A8C57991EF}.Debug|x64.Build.0 = Debug|x64
		{C4980EC6-AEED-4727-AC9D-00A8C57991EF}.Release|Win32.ActiveCfg = Release|Win32
		{C4980EC6-AEED-4727-AC9D-00A8C57991EF}.Release|Win32.Build.0 = Release|Win32
		{C4980EC6-AEED-4727-AC9D-00A8C57991EF}.Release|x64.ActiveCfg = Release|x64
		{C4980EC6-AEED-4727-AC9D-00A8C57991EF}.Release|x64.Build.0 = Release|x64
		{61F37E94-8AD3-49C9-84F3-E82ACF8DD211}.Debug|Win32.ActiveCfg = Debug|Win32
		{61F37E94-8AD3-49C9-84F3-E82ACF8DD211}.Debug|Win32.Build.0 = Debug|Win32
		{61F37E94-8AD3-49C9-84F3-E82ACF8DD211}.Debug|x64.ActiveCfg = Debug|x64
		{61F37E94-8AD3-49C9-84F3-E82ACF8DD211}.Debug|x64.Build.0 = Debug|x64
		{61F37E94-8AD3-49C9-84F3-E82ACF8DD211}.Release|Win32.ActiveCfg = Release|Win32
		{61F37E94-8AD3-49C9-84F3-E82ACF8DD211}.Release|Win32.Build.0 = Release|Win32
		{61F37E94-8AD3-49C9-84F3-E82ACF8DD211}.Release|x64.ActiveCfg = Release|x64
		{61F37E94-8AD3-49C9-84F3-E82ACF8DD211}.Release|x64.Build.0 = Release|x64
		{1E4BF69B-3A60-40B1-9E7A-1B31BC889710}.Debug|Win32.ActiveCfg = Debug|Win32
		{1E4BF69B-3A60-40B1-9E7A-1B31BC889710}.Debug|Win32.Build.0 = Debug|Win32
		{1E4BF69B-3A60-40B1-9E7A-1B31BC889710}.Debug|x64.ActiveCfg = Debug|Win32
		{1E4BF69B-3A60-40B1-9E7A-1B31BC889710}.Release|Win32.ActiveCfg = Release|Win32
		{1E4BF69B-3A60-40B1-9E7A-1B31BC889710}.Release|Win32.Build.0 = Release|Win32
		{1E4BF69B-3A60-40B1-9E7A-1B31BC889710}.Release|x64.ActiveCfg = Release|Win32
		{A57AB493-FF6A-4E7A-963A-963171AD7A1C}.Debug|Win32.ActiveCfg = Debug|Win32
		{A57AB493-FF6A-4E7A-963A-963171AD7A1C}.Debug|Win32.Build.0 = Debug|Win32
		{A57AB493-FF6A-4E7A-963A-963171AD7A1C}.Debug|x64.ActiveCfg = Debug|x64
		{A57AB493-FF6A-4E7A-963A-963171AD7A1C}.Debug|x64.Build.0 = Debug|x64
		{A57AB493-FF6A-4E7A-963A-963171AD7A1C}.Release|Win32.ActiveCfg = Release|Win32
		{A57AB493-FF6A-4E7A-963A-963171AD7A1C}.Release|Win32.Build.0 = Release|Win32
		{A57AB493-FF6A-4E7A-963A-963171AD7A1C}.Release|x64.ActiveCfg = Release|x64
		{A57AB493-FF6A-4E7A-963A-963171AD7A1C}.Release|x64.Build.0 = Release|x64
		{DD1105E7-D90A-4799-8C65-6C4F65DFC8B9}.Debug|Win32.ActiveCfg = Debug|Win32
		{DD1105E7-D90A-4799-8C65-6C4F65DFC8B9}.Debug|Win32.Build.0 = Debug|Win32
		{DD1105E7-D90A-4799-8C65-6C4F65DFC8B9}.Debug|x64.ActiveCfg = Debug|Win32
		{DD1105E7-D90A-4799-8C65-6C4F65DFC8B9}.Release|Win32.ActiveCfg = Release|Win32
		{DD1105E7-D90A-4799-8C65-6C4F65DFC8B9}.Release|Win32.Build.0 = Release|Win32
		{DD1105E7-D90A-4799-8C65-6C4F65DFC8B9}.Release|x64.ActiveCfg = Release|Win32
	EndGlobalSection
	GlobalSection(SolutionProperties) = preSolution
		HideSolutionNode = FALSE
	EndGlobalSection
EndGlobal
