<?xml version="1.0" encoding="utf-8"?>
<Project ToolsVersion="4.0" xmlns="http://schemas.microsoft.com/developer/msbuild/2003">
  <ItemGroup>
    <Filter Include="Source Files">
      <UniqueIdentifier>{4FC737F1-C7A5-4376-A066-2A32D752A2FF}</UniqueIdentifier>
      <Extensions>cpp;c;cc;cxx;def;odl;idl;hpj;bat;asm;asmx</Extensions>
    </Filter>
    <Filter Include="Header Files">
      <UniqueIdentifier>{93995380-89BD-4b04-88EB-625FBE52EBFB}</UniqueIdentifier>
      <Extensions>h;hpp;hxx;hm;inl;inc;xsd</Extensions>
    </Filter>
    <Filter Include="Resource Files">
      <UniqueIdentifier>{67DA6AB6-F800-4c08-8B7A-83BB121AAD01}</UniqueIdentifier>
      <Extensions>rc;ico;cur;bmp;dlg;rc2;rct;bin;rgs;gif;jpg;jpeg;jpe;resx;tiff;tif;png;wav;mfcribbon-ms</Extensions>
    </Filter>
  </ItemGroup>
  <ItemGroup>
    <None Include="ReadMe.txt" />
  </ItemGroup>
  <ItemGroup>
    <ClInclude Include="ImageMatrix.h">
      <Filter>Header Files</Filter>
    </ClInclude>
    <ClInclude Include="ReorientSlices.h">
      <Filter>Header Files</Filter>
    </ClInclude>
    <ClInclude Include="SplitImage.h">
      <Filter>Header Files</Filter>
    </ClInclude>
    <ClInclude Include="StackImages.h">
      <Filter>Header Files</Filter>
    </ClInclude>
    <ClInclude Include="StackVolumes.h">
      <Filter>Header Files</Filter>
    </ClInclude>
    <ClInclude Include="VolumeMatrix.h">
      <Filter>Header Files</Filter>
    </ClInclude>
    <ClInclude Include="ConvertColorSpace.h">
      <Filter>Header Files</Filter>
    </ClInclude>
    <ClInclude Include="math3d.h">
      <Filter>Header Files</Filter>
    </ClInclude>
    <ClInclude Include="SplitChannels.h">
      <Filter>Header Files</Filter>
    </ClInclude>
    <ClInclude Include="MergeChannels.h">
      <Filter>Header Files</Filter>
    </ClInclude>
  </ItemGroup>
  <ItemGroup>
    <ClCompile Include="ImageMatrix.cpp">
      <Filter>Source Files</Filter>
    </ClCompile>
    <ClCompile Include="ReorientSlices.cpp">
      <Filter>Source Files</Filter>
    </ClCompile>
    <ClCompile Include="SplitImage.cpp">
      <Filter>Source Files</Filter>
    </ClCompile>
    <ClCompile Include="StackImages.cpp">
      <Filter>Source Files</Filter>
    </ClCompile>
    <ClCompile Include="StackVolumes.cpp">
      <Filter>Source Files</Filter>
    </ClCompile>
    <ClCompile Include="VolumeMatrix.cpp">
      <Filter>Source Files</Filter>
    </ClCompile>
    <ClCompile Include="ConvertColorSpace.cpp">
      <Filter>Source Files</Filter>
    </ClCompile>
    <ClCompile Include="SplitChannels.cpp">
      <Filter>Source Files</Filter>
    </ClCompile>
    <ClCompile Include="MergeChannels.cpp">
      <Filter>Source Files</Filter>
    </ClCompile>
  </ItemGroup>
</Project>