<?xml version="1.0" encoding="utf-8"?>
<Project ToolsVersion="4.0" xmlns="http://schemas.microsoft.com/developer/msbuild/2003">
  <ItemGroup>
    <Filter Include="Source Files">
      <UniqueIdentifier>{4FC737F1-C7A5-4376-A066-2A32D752A2FF}</UniqueIdentifier>
      <Extensions>cpp;cxx;c;def</Extensions>
    </Filter>
    <Filter Include="Header Files">
      <UniqueIdentifier>{93995380-89BD-4b04-88EB-625FBE52EBFB}</UniqueIdentifier>
      <Extensions>h</Extensions>
    </Filter>
    <Filter Include="Form Files">
      <UniqueIdentifier>{99349809-55BA-4b9d-BF79-8FDBB0286EB3}</UniqueIdentifier>
      <Extensions>ui</Extensions>
    </Filter>
    <Filter Include="Resource Files">
      <UniqueIdentifier>{D9D6E242-F8AF-46E4-B9FD-80ECBC20BA3E}</UniqueIdentifier>
      <Extensions>qrc;*</Extensions>
      <ParseFiles>false</ParseFiles>
    </Filter>
    <Filter Include="Generated Files">
      <UniqueIdentifier>{71ED8ED8-ACB9-4CE9-BBE1-E00B30144E11}</UniqueIdentifier>
      <Extensions>moc;h;cpp</Extensions>
      <SourceControlFiles>False</SourceControlFiles>
    </Filter>
  </ItemGroup>
  <ItemGroup>
    <ClInclude Include="CacheableAttribute.h">
      <Filter>Header Files</Filter>
    </ClInclude>
    <ClInclude Include="ChecksumAttribute.h">
      <Filter>Header Files</Filter>
    </ClInclude>
    <ClInclude Include="CollectionElement.h">
      <Filter>Header Files</Filter>
    </ClInclude>
    <ClInclude Include="CombinerInterface.h">
      <Filter>Header Files</Filter>
    </ClInclude>
    <ClInclude Include="DefaultWorkflowElement.h">
      <Filter>Header Files</Filter>
    </ClInclude>
    <ClInclude Include="Filename.h">
      <Filter>Header Files</Filter>
    </ClInclude>
    <ClInclude Include="Filenames.h">
      <Filter>Header Files</Filter>
    </ClInclude>
    <ClInclude Include="gapputils.h">
      <Filter>Header Files</Filter>
    </ClInclude>
    <ClInclude Include="GenerateInterfaceAttribute.h">
      <Filter>Header Files</Filter>
    </ClInclude>
    <ClInclude Include="HideAttribute.h">
      <Filter>Header Files</Filter>
    </ClInclude>
    <ClInclude Include="IGapphostInterface.h">
      <Filter>Header Files</Filter>
    </ClInclude>
    <ClInclude Include="Image.h">
      <Filter>Header Files</Filter>
    </ClInclude>
    <ClInclude Include="InterfaceAttribute.h">
      <Filter>Header Files</Filter>
    </ClInclude>
    <ClInclude Include="InterfaceDescription.h">
      <Filter>Header Files</Filter>
    </ClInclude>
    <ClInclude Include="Interfaces.h">
      <Filter>Header Files</Filter>
    </ClInclude>
    <ClInclude Include="IProgressMonitor.h">
      <Filter>Header Files</Filter>
    </ClInclude>
    <ClInclude Include="LabelAttribute.h">
      <Filter>Header Files</Filter>
    </ClInclude>
    <ClInclude Include="namespaces.h">
      <Filter>Header Files</Filter>
    </ClInclude>
    <ClInclude Include="PropertyDescription.h">
      <Filter>Header Files</Filter>
    </ClInclude>
    <ClInclude Include="ReadOnlyAttribute.h">
      <Filter>Header Files</Filter>
    </ClInclude>
    <ClInclude Include="SubWorkflow.h">
      <Filter>Header Files</Filter>
    </ClInclude>
    <ClInclude Include="WorkflowElement.h">
      <Filter>Header Files</Filter>
    </ClInclude>
    <ClInclude Include="WorkflowInterface.h">
      <Filter>Header Files</Filter>
    </ClInclude>
  </ItemGroup>
  <ItemGroup>
    <ClCompile Include="Booleans_parameter.cpp">
      <Filter>Source Files</Filter>
    </ClCompile>
    <ClCompile Include="Boolean_parameter.cpp">
      <Filter>Source Files</Filter>
    </ClCompile>
    <ClCompile Include="CacheableAttribute.cpp">
      <Filter>Source Files</Filter>
    </ClCompile>
    <ClCompile Include="CollectionElement.cpp">
      <Filter>Source Files</Filter>
    </ClCompile>
    <ClCompile Include="CombinerInterface.cpp">
      <Filter>Source Files</Filter>
    </ClCompile>
    <ClCompile Include="Filename.cpp">
      <Filter>Source Files</Filter>
    </ClCompile>
    <ClCompile Include="Filenames.cpp">
      <Filter>Source Files</Filter>
    </ClCompile>
    <ClCompile Include="GenerateInterfaceAttribute.cpp">
      <Filter>Source Files</Filter>
    </ClCompile>
    <ClCompile Include="HideAttribute.cpp">
      <Filter>Source Files</Filter>
    </ClCompile>
    <ClCompile Include="Image.cpp">
      <Filter>Source Files</Filter>
    </ClCompile>
    <ClCompile Include="Integers_parameter.cpp">
      <Filter>Source Files</Filter>
    </ClCompile>
    <ClCompile Include="Integer_parameter.cpp">
      <Filter>Source Files</Filter>
    </ClCompile>
    <ClCompile Include="InterfaceAttribute.cpp">
      <Filter>Source Files</Filter>
    </ClCompile>
    <ClCompile Include="InterfaceDescription.cpp">
      <Filter>Source Files</Filter>
    </ClCompile>
    <ClCompile Include="Interfaces.cpp">
      <Filter>Source Files</Filter>
    </ClCompile>
    <ClCompile Include="IProgressMonitor.cpp">
      <Filter>Source Files</Filter>
    </ClCompile>
    <ClCompile Include="LabelAttribute.cpp">
      <Filter>Source Files</Filter>
    </ClCompile>
    <ClCompile Include="PropertyDescription.cpp">
      <Filter>Source Files</Filter>
    </ClCompile>
    <ClCompile Include="ReadOnlyAttribute.cpp">
      <Filter>Source Files</Filter>
    </ClCompile>
    <ClCompile Include="Real.cpp">
      <Filter>Source Files</Filter>
    </ClCompile>
    <ClCompile Include="Reals_parameter.cpp">
      <Filter>Source Files</Filter>
    </ClCompile>
    <ClCompile Include="RealVector.cpp">
      <Filter>Source Files</Filter>
    </ClCompile>
    <ClCompile Include="RealVectors.cpp">
      <Filter>Source Files</Filter>
    </ClCompile>
    <ClCompile Include="Real_parameter.cpp">
      <Filter>Source Files</Filter>
    </ClCompile>
    <ClCompile Include="String.cpp">
      <Filter>Source Files</Filter>
    </ClCompile>
    <ClCompile Include="Strings.cpp">
      <Filter>Source Files</Filter>
    </ClCompile>
    <ClCompile Include="Strings_parameter.cpp">
      <Filter>Source Files</Filter>
    </ClCompile>
    <ClCompile Include="String_parameter.cpp">
      <Filter>Source Files</Filter>
    </ClCompile>
    <ClCompile Include="SubWorkflow.cpp">
      <Filter>Source Files</Filter>
    </ClCompile>
    <ClCompile Include="WorkflowElement.cpp">
      <Filter>Source Files</Filter>
    </ClCompile>
    <ClCompile Include="WorkflowInterface.cpp">
      <Filter>Source Files</Filter>
    </ClCompile>
  </ItemGroup>
</Project>