<?xml version="1.0" encoding="utf-8"?>
<Project ToolsVersion="4.0" xmlns="http://schemas.microsoft.com/developer/msbuild/2003">
  <ItemGroup>
    <Filter Include="Source Files">
      <UniqueIdentifier>{4FC737F1-C7A5-4376-A066-2A32D752A2FF}</UniqueIdentifier>
      <Extensions>cpp;cxx;c;def</Extensions>
    </Filter>
    <Filter Include="Header Files">
      <UniqueIdentifier>{93995380-89BD-4b04-88EB-625FBE52EBFB}</UniqueIdentifier>
      <Extensions>h</Extensions>
    </Filter>
    <Filter Include="Form Files">
      <UniqueIdentifier>{99349809-55BA-4b9d-BF79-8FDBB0286EB3}</UniqueIdentifier>
      <Extensions>ui</Extensions>
    </Filter>
    <Filter Include="Resource Files">
      <UniqueIdentifier>{D9D6E242-F8AF-46E4-B9FD-80ECBC20BA3E}</UniqueIdentifier>
      <Extensions>qrc;*</Extensions>
      <ParseFiles>false</ParseFiles>
    </Filter>
    <Filter Include="Generated Files">
      <UniqueIdentifier>{71ED8ED8-ACB9-4CE9-BBE1-E00B30144E11}</UniqueIdentifier>
      <Extensions>moc;h;cpp</Extensions>
      <SourceControlFiles>False</SourceControlFiles>
    </Filter>
  </ItemGroup>
  <ItemGroup>
    <ClCompile Include="LabelAttribute.cpp">
      <Filter>Source Files</Filter>
    </ClCompile>
    <ClCompile Include="HideAttribute.cpp">
      <Filter>Source Files</Filter>
    </ClCompile>
    <ClCompile Include="Compare.cpp">
      <Filter>Source Files</Filter>
    </ClCompile>
    <ClCompile Include="CsvReader.cpp">
      <Filter>Source Files</Filter>
    </ClCompile>
    <ClCompile Include="CsvWriter.cpp">
      <Filter>Source Files</Filter>
    </ClCompile>
    <ClCompile Include="PdfLatex.cpp">
      <Filter>Source Files</Filter>
    </ClCompile>
    <ClCompile Include="TextWriter.cpp">
      <Filter>Source Files</Filter>
    </ClCompile>
    <ClCompile Include="WorkflowElement.cpp">
      <Filter>Source Files</Filter>
    </ClCompile>
    <ClCompile Include="IProgressMonitor.cpp">
      <Filter>Source Files</Filter>
    </ClCompile>
    <ClCompile Include="DefaultWorkflowElement.cpp">
      <Filter>Source Files</Filter>
    </ClCompile>
    <ClCompile Include="XslTransformation.cpp">
      <Filter>Source Files</Filter>
    </ClCompile>
    <ClCompile Include="Concater.cpp">
      <Filter>Source Files</Filter>
    </ClCompile>
    <ClCompile Include="StringReplacer.cpp">
      <Filter>Source Files</Filter>
    </ClCompile>
    <ClCompile Include="WorkflowInterface.cpp">
      <Filter>Source Files</Filter>
    </ClCompile>
  </ItemGroup>
  <ItemGroup>
    <ClInclude Include="gapputils.h">
      <Filter>Header Files</Filter>
    </ClInclude>
    <ClInclude Include="LabelAttribute.h">
      <Filter>Header Files</Filter>
    </ClInclude>
    <ClInclude Include="HideAttribute.h">
      <Filter>Header Files</Filter>
    </ClInclude>
    <ClInclude Include="WorkflowElement.h">
      <Filter>Header Files</Filter>
    </ClInclude>
    <ClInclude Include="IProgressMonitor.h">
      <Filter>Header Files</Filter>
    </ClInclude>
    <ClInclude Include="DefaultWorkflowElement.h">
      <Filter>Header Files</Filter>
    </ClInclude>
    <ClInclude Include="WorkflowInterface.h">
      <Filter>Header Files</Filter>
    </ClInclude>
    <ClInclude Include="Compare.h">
      <Filter>Header Files</Filter>
    </ClInclude>
    <ClInclude Include="Concater.h">
      <Filter>Header Files</Filter>
    </ClInclude>
    <ClInclude Include="CsvReader.h">
      <Filter>Header Files</Filter>
    </ClInclude>
    <ClInclude Include="CsvWriter.h">
      <Filter>Header Files</Filter>
    </ClInclude>
    <ClInclude Include="PdfLatex.h">
      <Filter>Header Files</Filter>
    </ClInclude>
    <ClInclude Include="StringReplacer.h">
      <Filter>Header Files</Filter>
    </ClInclude>
    <ClInclude Include="TextWriter.h">
      <Filter>Header Files</Filter>
    </ClInclude>
    <ClInclude Include="XslTransformation.h">
      <Filter>Header Files</Filter>
    </ClInclude>
  </ItemGroup>
</Project>