<?xml version="1.0" encoding="utf-8"?>
<Project ToolsVersion="4.0" xmlns="http://schemas.microsoft.com/developer/msbuild/2003">
  <ItemGroup>
    <Filter Include="Source Files">
      <UniqueIdentifier>{4FC737F1-C7A5-4376-A066-2A32D752A2FF}</UniqueIdentifier>
      <Extensions>cpp;c;cc;cxx;def;odl;idl;hpj;bat;asm;asmx</Extensions>
    </Filter>
    <Filter Include="Header Files">
      <UniqueIdentifier>{93995380-89BD-4b04-88EB-625FBE52EBFB}</UniqueIdentifier>
      <Extensions>h;hpp;hxx;hm;inl;inc;xsd</Extensions>
    </Filter>
    <Filter Include="Resource Files">
      <UniqueIdentifier>{67DA6AB6-F800-4c08-8B7A-83BB121AAD01}</UniqueIdentifier>
      <Extensions>rc;ico;cur;bmp;dlg;rc2;rct;bin;rgs;gif;jpg;jpeg;jpe;resx;tiff;tif;png;wav;mfcribbon-ms</Extensions>
    </Filter>
    <Filter Include="CUDA">
      <UniqueIdentifier>{eda90993-bfab-41a9-b809-3671082204d4}</UniqueIdentifier>
    </Filter>
  </ItemGroup>
  <ItemGroup>
    <None Include="ReadMe.txt" />
  </ItemGroup>
  <ItemGroup>
    <ClInclude Include="MnistReader.h">
      <Filter>Header Files</Filter>
    </ClInclude>
    <ClInclude Include="OneOfN.h">
      <Filter>Header Files</Filter>
    </ClInclude>
    <ClInclude Include="RbmDecoder.h">
      <Filter>Header Files</Filter>
    </ClInclude>
    <ClInclude Include="RbmEncoder.h">
      <Filter>Header Files</Filter>
    </ClInclude>
    <ClInclude Include="RbmModel.h">
      <Filter>Header Files</Filter>
    </ClInclude>
    <ClInclude Include="RbmTrainer.h">
      <Filter>Header Files</Filter>
    </ClInclude>
    <ClInclude Include="ublas_io.hpp">
      <Filter>Header Files</Filter>
    </ClInclude>
    <ClInclude Include="tbblas_io.hpp">
      <Filter>Header Files</Filter>
    </ClInclude>
    <ClInclude Include="DiagonalMatrix.h">
      <Filter>Header Files</Filter>
    </ClInclude>
    <ClInclude Include="distributions.h">
      <Filter>Header Files</Filter>
    </ClInclude>
    <ClInclude Include="FgrbmModel.h">
      <Filter>Header Files</Filter>
    </ClInclude>
    <ClInclude Include="FgrbmTrainer.h">
      <Filter>Header Files</Filter>
    </ClInclude>
    <ClInclude Include="RbmReader.h">
      <Filter>Header Files</Filter>
    </ClInclude>
    <ClInclude Include="RbmWriter.h">
      <Filter>Header Files</Filter>
    </ClInclude>
    <ClInclude Include="BinaryImageGenerator.h">
      <Filter>Header Files</Filter>
    </ClInclude>
    <ClInclude Include="RandomImageTransformation.h">
      <Filter>Header Files</Filter>
    </ClInclude>
    <ClInclude Include="FgrbmEncoder.h">
      <Filter>Header Files</Filter>
    </ClInclude>
    <ClInclude Include="tbblas_serialize.hpp">
      <Filter>Header Files</Filter>
    </ClInclude>
    <ClInclude Include="FgrbmReader.h">
      <Filter>Header Files</Filter>
    </ClInclude>
    <ClInclude Include="FgrbmWriter.h">
      <Filter>Header Files</Filter>
    </ClInclude>
    <ClInclude Include="ImageMatrix.h">
      <Filter>Header Files</Filter>
    </ClInclude>
    <ClInclude Include="ConvRbmDecoder.h">
      <Filter>Header Files</Filter>
    </ClInclude>
    <ClInclude Include="ConvRbmEncoder.h">
      <Filter>Header Files</Filter>
    </ClInclude>
    <ClInclude Include="ConvRbmModel.h">
      <Filter>Header Files</Filter>
    </ClInclude>
    <ClInclude Include="ConvRbmReader.h">
      <Filter>Header Files</Filter>
    </ClInclude>
    <ClInclude Include="ConvRbmTrainer.h">
      <Filter>Header Files</Filter>
    </ClInclude>
    <ClInclude Include="ConvRbmWriter.h">
      <Filter>Header Files</Filter>
    </ClInclude>
    <ClInclude Include="FeatureCollages.h">
      <Filter>Header Files</Filter>
    </ClInclude>
    <ClInclude Include="FeaturesToTensors.h">
      <Filter>Header Files</Filter>
    </ClInclude>
    <ClInclude Include="FgrbmDecoder.h">
      <Filter>Header Files</Filter>
    </ClInclude>
    <ClInclude Include="GenerateShades.h">
      <Filter>Header Files</Filter>
    </ClInclude>
    <ClInclude Include="InitializeConvRbmModel.h">
      <Filter>Header Files</Filter>
    </ClInclude>
    <ClInclude Include="InitializeFgrbm.h">
      <Filter>Header Files</Filter>
    </ClInclude>
    <ClInclude Include="Mean.h">
      <Filter>Header Files</Filter>
    </ClInclude>
    <ClInclude Include="Pooling.h">
      <Filter>Header Files</Filter>
    </ClInclude>
    <ClInclude Include="PrincipleComponents.h">
      <Filter>Header Files</Filter>
    </ClInclude>
    <ClInclude Include="RbmConditional.h">
      <Filter>Header Files</Filter>
    </ClInclude>
    <ClInclude Include="ResampleFgrbmModel.h">
      <Filter>Header Files</Filter>
    </ClInclude>
    <ClInclude Include="TensorsToFeatures.h">
      <Filter>Header Files</Filter>
    </ClInclude>
    <ClInclude Include="TensorTest.h">
      <Filter>Header Files</Filter>
    </ClInclude>
    <ClInclude Include="sampling.hpp">
      <Filter>Header Files</Filter>
    </ClInclude>
  </ItemGroup>
  <ItemGroup>
    <ClCompile Include="MnistReader.cpp">
      <Filter>Source Files</Filter>
    </ClCompile>
    <ClCompile Include="OneOfN.cpp">
      <Filter>Source Files</Filter>
    </ClCompile>
    <ClCompile Include="RbmDecoder.cpp">
      <Filter>Source Files</Filter>
    </ClCompile>
    <ClCompile Include="RbmEncoder.cpp">
      <Filter>Source Files</Filter>
    </ClCompile>
    <ClCompile Include="RbmModel.cpp">
      <Filter>Source Files</Filter>
    </ClCompile>
    <ClCompile Include="RbmTrainer.cpp">
      <Filter>Source Files</Filter>
    </ClCompile>
    <ClCompile Include="ublas_io.cpp">
      <Filter>Source Files</Filter>
    </ClCompile>
    <ClCompile Include="DiagonalMatrix.cpp">
      <Filter>Source Files</Filter>
    </ClCompile>
    <ClCompile Include="distributions.cpp">
      <Filter>Source Files</Filter>
    </ClCompile>
    <ClCompile Include="FgrbmModel.cpp">
      <Filter>Source Files</Filter>
    </ClCompile>
    <ClCompile Include="FgrbmTrainer.cpp">
      <Filter>Source Files</Filter>
    </ClCompile>
    <ClCompile Include="RbmReader.cpp">
      <Filter>Source Files</Filter>
    </ClCompile>
    <ClCompile Include="RbmWriter.cpp">
      <Filter>Source Files</Filter>
    </ClCompile>
    <ClCompile Include="BinaryImageGenerator.cpp">
      <Filter>Source Files</Filter>
    </ClCompile>
    <ClCompile Include="RandomImageTransformation.cpp">
      <Filter>Source Files</Filter>
    </ClCompile>
    <ClCompile Include="FgrbmEncoder.cpp">
      <Filter>Source Files</Filter>
    </ClCompile>
    <ClCompile Include="FgrbmReader.cpp">
      <Filter>Source Files</Filter>
    </ClCompile>
    <ClCompile Include="FgrbmWriter.cpp">
      <Filter>Source Files</Filter>
    </ClCompile>
    <ClCompile Include="ImageMatrix.cpp">
      <Filter>Source Files</Filter>
    </ClCompile>
    <ClCompile Include="ConvRbmDecoder.cpp">
      <Filter>Source Files</Filter>
    </ClCompile>
    <ClCompile Include="ConvRbmEncoder.cpp">
      <Filter>Source Files</Filter>
    </ClCompile>
    <ClCompile Include="ConvRbmModel.cpp">
      <Filter>Source Files</Filter>
    </ClCompile>
    <ClCompile Include="ConvRbmReader.cpp">
      <Filter>Source Files</Filter>
    </ClCompile>
    <ClCompile Include="ConvRbmTrainer.cpp">
      <Filter>Source Files</Filter>
    </ClCompile>
    <ClCompile Include="ConvRbmWriter.cpp">
      <Filter>Source Files</Filter>
    </ClCompile>
    <ClCompile Include="FeatureCollages.cpp">
      <Filter>Source Files</Filter>
    </ClCompile>
    <ClCompile Include="FeaturesToTensors.cpp">
      <Filter>Source Files</Filter>
    </ClCompile>
    <ClCompile Include="GenerateShades.cpp">
      <Filter>Source Files</Filter>
    </ClCompile>
    <ClCompile Include="InitializeConvRbmModel.cpp">
      <Filter>Source Files</Filter>
    </ClCompile>
    <ClCompile Include="InitializeFgrbm.cpp">
      <Filter>Source Files</Filter>
    </ClCompile>
    <ClCompile Include="Mean.cpp">
      <Filter>Source Files</Filter>
    </ClCompile>
    <ClCompile Include="Pooling.cpp">
      <Filter>Source Files</Filter>
    </ClCompile>
    <ClCompile Include="PrincipleComponents.cpp">
      <Filter>Source Files</Filter>
    </ClCompile>
    <ClCompile Include="RbmConditional.cpp">
      <Filter>Source Files</Filter>
    </ClCompile>
    <ClCompile Include="ResampleFgrbmModel.cpp">
      <Filter>Source Files</Filter>
    </ClCompile>
    <ClCompile Include="TensorsToFeatures.cpp">
      <Filter>Source Files</Filter>
    </ClCompile>
    <ClCompile Include="TensorTest.cpp">
      <Filter>Source Files</Filter>
    </ClCompile>
    <ClCompile Include="FgrbmDecoder.cpp">
      <Filter>Source Files</Filter>
    </ClCompile>
  </ItemGroup>
  <ItemGroup>
    <CudaCompile Include="RbmTrainer_gpu.cu">
      <Filter>CUDA</Filter>
    </CudaCompile>
    <CudaCompile Include="FgrbmTrainer_gpu.cu">
      <Filter>CUDA</Filter>
    </CudaCompile>
    <CudaCompile Include="RbmDecoder_gpu.cu">
      <Filter>CUDA</Filter>
    </CudaCompile>
    <CudaCompile Include="RbmEncoder_gpu.cu">
      <Filter>CUDA</Filter>
    </CudaCompile>
    <CudaCompile Include="FgrbmEncoder_gpu.cu">
      <Filter>CUDA</Filter>
    </CudaCompile>
    <CudaCompile Include="tbblas_serialize_gpu.cu">
      <Filter>CUDA</Filter>
    </CudaCompile>
    <CudaCompile Include="ImageMatrix_gpu.cu">
      <Filter>CUDA</Filter>
    </CudaCompile>
    <CudaCompile Include="ConvRbmDecoder_gpu.cu">
      <Filter>CUDA</Filter>
    </CudaCompile>
    <CudaCompile Include="ConvRbmEncoder_gpu.cu">
      <Filter>CUDA</Filter>
    </CudaCompile>
    <CudaCompile Include="ConvRbmTrainer_gpu.cu">
      <Filter>CUDA</Filter>
    </CudaCompile>
    <CudaCompile Include="FgrbmDecoder_gpu.cu">
      <Filter>CUDA</Filter>
    </CudaCompile>
    <CudaCompile Include="FgrbmModel_gpu.cu">
      <Filter>CUDA</Filter>
    </CudaCompile>
    <CudaCompile Include="InitializeConvRbmModel_gpu.cu">
      <Filter>CUDA</Filter>
    </CudaCompile>
    <CudaCompile Include="InitializeFgrbm_gpu.cu">
      <Filter>CUDA</Filter>
    </CudaCompile>
    <CudaCompile Include="Mean_gpu.cu">
      <Filter>CUDA</Filter>
    </CudaCompile>
    <CudaCompile Include="PrincipleComponents_gpu.cu">
      <Filter>CUDA</Filter>
    </CudaCompile>
    <CudaCompile Include="RbmConditional_gpu.cu">
      <Filter>CUDA</Filter>
    </CudaCompile>
    <CudaCompile Include="ResampleFgrbmModel_gpu.cu">
      <Filter>CUDA</Filter>
    </CudaCompile>
    <CudaCompile Include="TensorTest_gpu.cu">
      <Filter>CUDA</Filter>
    </CudaCompile>
  </ItemGroup>
</Project>